
Microsoft Visual Studio Solution File, Format Version 12.00
# Visual Studio Version 17
VisualStudioVersion = 17.14.36202.13 d17.14
MinimumVisualStudioVersion = 10.0.40219.1
Project("{FAE04EC0-301F-11D3-BF4B-00C04F79EFBC}") = "StripePortfolio", "StripePortfolio\StripePortfolio.csproj", "{46EC2326-86D5-4B46-B3CD-C73320DFA7A3}"
EndProject
Global
	GlobalSection(SolutionConfigurationPlatforms) = preSolution
		Debug|Any CPU = Debug|Any CPU
		Release|Any CPU = Release|Any CPU
	EndGlobalSection
	GlobalSection(ProjectConfigurationPlatforms) = postSolution
		{46EC2326-86D5-4B46-B3CD-C73320DFA7A3}.Debug|Any CPU.ActiveCfg = Debug|Any CPU
		{46EC2326-86D5-4B46-B3CD-C73320DFA7A3}.Debug|Any CPU.Build.0 = Debug|Any CPU
		{46EC2326-86D5-4B46-B3CD-C73320DFA7A3}.Release|Any CPU.ActiveCfg = Release|Any CPU
		{46EC2326-86D5-4B46-B3CD-C73320DFA7A3}.Release|Any CPU.Build.0 = Release|Any CPU
	EndGlobalSection
	GlobalSection(SolutionProperties) = preSolution
		HideSolutionNode = FALSE
	EndGlobalSection
	GlobalSection(ExtensibilityGlobals) = postSolution
		SolutionGuid = {631EAEB9-5FF4-4F47-A547-9C023FF96AA1}
	EndGlobalSection
EndGlobal
